lockfileVersion: '6.0'

settings:
  autoInstallPeers: true
  excludeLinksFromLockfile: false

dependencies:
  '@plasmohq/messaging':
    specifier: ^0.6.2
    version: 0.6.2
  '@plasmohq/storage':
    specifier: ^1.11.0
    version: 1.11.0

packages:

  /@plasmohq/messaging@0.6.2:
    resolution: {integrity: sha512-CGfcvfVE0wsN/Y/i/jV0nwjkwh2gBCEujZFhLoxJ12N0ScoP3JVEIvUxJSFsAD4ylBQ8IjD2FyjQozwiSxWc4Q==}
    peerDependencies:
      react: ^16.8.6 || ^17 || ^18
    peerDependenciesMeta:
      react:
        optional: true
    dependencies:
      nanoid: 5.0.3
    dev: false

  /@plasmohq/storage@1.11.0:
    resolution: {integrity: sha512-JLu8cCjn+yzbaIK2Gw+NDuDJgiTle3nj1HbMC/irnnUTc7lnJSiCEN/EsUcWcwNtv9BJM2r8DAk1stsQ8dCKug==}
    peerDependencies:
      react: ^16.8.6 || ^17 || ^18
    peerDependenciesMeta:
      react:
        optional: true
    dependencies:
      pify: 6.1.0
    dev: false

  /nanoid@5.0.3:
    resolution: {integrity: sha512-I7X2b22cxA4LIHXPSqbBCEQSL+1wv8TuoefejsX4HFWyC6jc5JG7CEaxOltiKjc1M+YCS2YkrZZcj4+dytw9GA==}
    engines: {node: ^18 || >=20}
    hasBin: true
    dev: false

  /pify@6.1.0:
    resolution: {integrity: sha512-KocF8ve28eFjjuBKKGvzOBGzG8ew2OqOOSxTTZhirkzH7h3BI1vyzqlR0qbfcDBve1Yzo3FVlWUAtCRrbVN8Fw==}
    engines: {node: '>=14.16'}
    dev: false
